
Microsoft Visual Studio Solution File, Format Version 12.00
# Visual Studio Version 17
VisualStudioVersion = 17.5.33627.172
MinimumVisualStudioVersion = 10.0.40219.1
Project("{FAE04EC0-301F-11D3-BF4B-00C04F79EFBC}") = "FinalSoftwareII", "FinalSoftwareII.csproj", "{1B2E5ADD-944F-4888-90DD-AABE1319C3CF}"
EndProject
Global
	GlobalSection(SolutionConfigurationPlatforms) = preSolution
		Debug|Any CPU = Debug|Any CPU
		Release|Any CPU = Release|Any CPU
	EndGlobalSection
	GlobalSection(ProjectConfigurationPlatforms) = postSolution
		{1B2E5ADD-944F-4888-90DD-AABE1319C3CF}.Debug|Any CPU.ActiveCfg = Debug|Any CPU
		{1B2E5ADD-944F-4888-90DD-AABE1319C3CF}.Debug|Any CPU.Build.0 = Debug|Any CPU
		{1B2E5ADD-944F-4888-90DD-AABE1319C3CF}.Release|Any CPU.ActiveCfg = Release|Any CPU
		{1B2E5ADD-944F-4888-90DD-AABE1319C3CF}.Release|Any CPU.Build.0 = Release|Any CPU
	EndGlobalSection
	GlobalSection(SolutionProperties) = preSolution
		HideSolutionNode = FALSE
	EndGlobalSection
	GlobalSection(ExtensibilityGlobals) = postSolution
		SolutionGuid = {D233DDFB-DA90-4C70-8BA0-F02B21924CE9}
	EndGlobalSection
EndGlobal
