
Microsoft Visual Studio Solution File, Format Version 12.00
# Visual Studio Version 17
VisualStudioVersion = 17.5.33627.172
MinimumVisualStudioVersion = 10.0.40219.1
Project("{9A19103F-16F7-4668-BE54-9A1E7A4F7556}") = "FinalSoftwareII", "FinalSoftwareII.csproj", "{1B2E5ADD-944F-4888-90DD-AABE1319C3CF}"
EndProject
Project("{9A19103F-16F7-4668-BE54-9A1E7A4F7556}") = "APIFinalSoftwareII", "..\APIFinalSoftwareII\APIFinalSoftwareII.csproj", "{7E49105A-31EC-4782-BA3A-662BB80C2F49}"
EndProject
Project("{9A19103F-16F7-4668-BE54-9A1E7A4F7556}") = "FinalSoftwareIIModel", "..\FinalSoftwareIIModel\FinalSoftwareIIModel.csproj", "{83DB6382-851E-4618-908D-3DDCA7519D06}"
EndProject
Global
	GlobalSection(SolutionConfigurationPlatforms) = preSolution
		Debug|Any CPU = Debug|Any CPU
		Release|Any CPU = Release|Any CPU
	EndGlobalSection
	GlobalSection(ProjectConfigurationPlatforms) = postSolution
		{1B2E5ADD-944F-4888-90DD-AABE1319C3CF}.Debug|Any CPU.ActiveCfg = Debug|Any CPU
		{1B2E5ADD-944F-4888-90DD-AABE1319C3CF}.Debug|Any CPU.Build.0 = Debug|Any CPU
		{1B2E5ADD-944F-4888-90DD-AABE1319C3CF}.Release|Any CPU.ActiveCfg = Release|Any CPU
		{1B2E5ADD-944F-4888-90DD-AABE1319C3CF}.Release|Any CPU.Build.0 = Release|Any CPU
		{7E49105A-31EC-4782-BA3A-662BB80C2F49}.Debug|Any CPU.ActiveCfg = Debug|Any CPU
		{7E49105A-31EC-4782-BA3A-662BB80C2F49}.Debug|Any CPU.Build.0 = Debug|Any CPU
		{7E49105A-31EC-4782-BA3A-662BB80C2F49}.Release|Any CPU.ActiveCfg = Release|Any CPU
		{7E49105A-31EC-4782-BA3A-662BB80C2F49}.Release|Any CPU.Build.0 = Release|Any CPU
		{83DB6382-851E-4618-908D-3DDCA7519D06}.Debug|Any CPU.ActiveCfg = Debug|Any CPU
		{83DB6382-851E-4618-908D-3DDCA7519D06}.Debug|Any CPU.Build.0 = Debug|Any CPU
		{83DB6382-851E-4618-908D-3DDCA7519D06}.Release|Any CPU.ActiveCfg = Release|Any CPU
		{83DB6382-851E-4618-908D-3DDCA7519D06}.Release|Any CPU.Build.0 = Release|Any CPU
	EndGlobalSection
	GlobalSection(SolutionProperties) = preSolution
		HideSolutionNode = FALSE
	EndGlobalSection
	GlobalSection(ExtensibilityGlobals) = postSolution
		SolutionGuid = {D233DDFB-DA90-4C70-8BA0-F02B21924CE9}
	EndGlobalSection
EndGlobal
