
Microsoft Visual Studio Solution File, Format Version 12.00
# Visual Studio Version 17
VisualStudioVersion = 17.5.33530.505
MinimumVisualStudioVersion = 10.0.40219.1
Project("{FAE04EC0-301F-11D3-BF4B-00C04F79EFBC}") = "FinalSoftwareII", "FinalSoftwareII.csproj", "{68C675A3-563D-4E38-9B86-0E791AE603BF}"
EndProject
Project("{FAE04EC0-301F-11D3-BF4B-00C04F79EFBC}") = "APIFinalSoftwareII", "..\APIFinalSoftwareII\APIFinalSoftwareII.csproj", "{5B433D23-094E-4973-90B9-455E5948D3D9}"
EndProject
Global
	GlobalSection(SolutionConfigurationPlatforms) = preSolution
		Debug|Any CPU = Debug|Any CPU
		Release|Any CPU = Release|Any CPU
	EndGlobalSection
	GlobalSection(ProjectConfigurationPlatforms) = postSolution
		{68C675A3-563D-4E38-9B86-0E791AE603BF}.Debug|Any CPU.ActiveCfg = Debug|Any CPU
		{68C675A3-563D-4E38-9B86-0E791AE603BF}.Debug|Any CPU.Build.0 = Debug|Any CPU
		{68C675A3-563D-4E38-9B86-0E791AE603BF}.Release|Any CPU.ActiveCfg = Release|Any CPU
		{68C675A3-563D-4E38-9B86-0E791AE603BF}.Release|Any CPU.Build.0 = Release|Any CPU
		{5B433D23-094E-4973-90B9-455E5948D3D9}.Debug|Any CPU.ActiveCfg = Debug|Any CPU
		{5B433D23-094E-4973-90B9-455E5948D3D9}.Debug|Any CPU.Build.0 = Debug|Any CPU
		{5B433D23-094E-4973-90B9-455E5948D3D9}.Release|Any CPU.ActiveCfg = Release|Any CPU
		{5B433D23-094E-4973-90B9-455E5948D3D9}.Release|Any CPU.Build.0 = Release|Any CPU
	EndGlobalSection
	GlobalSection(SolutionProperties) = preSolution
		HideSolutionNode = FALSE
	EndGlobalSection
	GlobalSection(ExtensibilityGlobals) = postSolution
		SolutionGuid = {A7339407-1DA3-4BF0-B439-995F7687526E}
	EndGlobalSection
EndGlobal
